// !$*UTF8*$!
{
	archiveVersion = 1;
	classes = {
	};
	objectVersion = 50;
	objects = {

/* Begin PBXBuildFile section */
		223D2998211B50F900F97E9F /* AppDelegate.m in Sources */ = {isa = PBXBuildFile; fileRef = 223D2997211B50F900F97E9F /* AppDelegate.m */; };
		223D299B211B50F900F97E9F /* ViewController.m in Sources */ = {isa = PBXBuildFile; fileRef = 223D299A211B50F900F97E9F /* ViewController.m */; };
		223D299E211B50F900F97E9F /* Main.storyboard in Resources */ = {isa = PBXBuildFile; fileRef = 223D299C211B50F900F97E9F /* Main.storyboard */; };
		223D29A0211B50FB00F97E9F /* Assets.xcassets in Resources */ = {isa = PBXBuildFile; fileRef = 223D299F211B50FB00F97E9F /* Assets.xcassets */; };
		223D29A3211B50FB00F97E9F /* LaunchScreen.storyboard in Resources */ = {isa = PBXBuildFile; fileRef = 223D29A1211B50FB00F97E9F /* LaunchScreen.storyboard */; };
		223D29A6211B50FB00F97E9F /* main.m in Sources */ = {isa = PBXBuildFile; fileRef = 223D29A5211B50FB00F97E9F /* main.m */; };
/* End PBXBuildFile section */

/* Begin PBXFileReference section */
		223D2993211B50F900F97E9F /* Offline Test.app */ = {isa = PBXFileReference; explicitFileType = wrapper.application; includeInIndex = 0; path = "Offline Test.app"; sourceTree = BUILT_PRODUCTS_DIR; };
		223D2996211B50F900F97E9F /* AppDelegate.h */ = {isa = PBXFileReference; lastKnownFileType = sourcecode.c.h; path = AppDelegate.h; sourceTree = "<group>"; };
		223D2997211B50F900F97E9F /* AppDelegate.m */ = {isa = PBXFileReference; lastKnownFileType = sourcecode.c.objc; path = AppDelegate.m; sourceTree = "<group>"; };
		223D2999211B50F900F97E9F /* ViewController.h */ = {isa = PBXFileReference; lastKnownFileType = sourcecode.c.h; path = ViewController.h; sourceTree = "<group>"; };
		223D299A211B50F900F97E9F /* ViewController.m */ = {isa = PBXFileReference; lastKnownFileType = sourcecode.c.objc; path = ViewController.m; sourceTree = "<group>"; };
		223D299D211B50F900F97E9F /* Base */ = {isa = PBXFileReference; lastKnownFileType = file.storyboard; name = Base; path = Base.lproj/Main.storyboard; sourceTree = "<group>"; };
		223D299F211B50FB00F97E9F /* Assets.xcassets */ = {isa = PBXFileReference; lastKnownFileType = folder.assetcatalog; path = Assets.xcassets; sourceTree = "<group>"; };
		223D29A2211B50FB00F97E9F /* Base */ = {isa = PBXFileReference; lastKnownFileType = file.storyboard; name = Base; path = Base.lproj/LaunchScreen.storyboard; sourceTree = "<group>"; };
		223D29A4211B50FB00F97E9F /* Info.plist */ = {isa = PBXFileReference; lastKnownFileType = text.plist.xml; path = Info.plist; sourceTree = "<group>"; };
		223D29A5211B50FB00F97E9F /* main.m */ = {isa = PBXFileReference; lastKnownFileType = sourcecode.c.objc; path = main.m; sourceTree = "<group>"; };
/* End PBXFileReference section */

/* Begin PBXFrameworksBuildPhase section */
		223D2990211B50F900F97E9F /* Frameworks */ = {
			isa = PBXFrameworksBuildPhase;
			buildActionMask = 2147483647;
			files = (
			);
			runOnlyForDeploymentPostprocessing = 0;
		};
/* End PBXFrameworksBuildPhase section */

/* Begin PBXGroup section */
		223D298A211B50F900F97E9F = {
			isa = PBXGroup;
			children = (
				223D2995211B50F900F97E9F /* Offline Test */,
				223D2994211B50F900F97E9F /* Products */,
			);
			sourceTree = "<group>";
		};
		223D2994211B50F900F97E9F /* Products */ = {
			isa = PBXGroup;
			children = (
				223D2993211B50F900F97E9F /* Offline Test.app */,
			);
			name = Products;
			sourceTree = "<group>";
		};
		223D2995211B50F900F97E9F /* Offline Test */ = {
			isa = PBXGroup;
			children = (
				223D2996211B50F900F97E9F /* AppDelegate.h */,
				223D2997211B50F900F97E9F /* AppDelegate.m */,
				223D2999211B50F900F97E9F /* ViewController.h */,
				223D299A211B50F900F97E9F /* ViewController.m */,
				223D299C211B50F900F97E9F /* Main.storyboard */,
				223D299F211B50FB00F97E9F /* Assets.xcassets */,
				223D29A1211B50FB00F97E9F /* LaunchScreen.storyboard */,
				223D29A4211B50FB00F97E9F /* Info.plist */,
				223D29A5211B50FB00F97E9F /* main.m */,
			);
			path = "Offline Test";
			sourceTree = "<group>";
		};
/* End PBXGroup section */

/* Begin PBXNativeTarget section */
		223D2992211B50F900F97E9F /* Offline Test */ = {
			isa = PBXNativeTarget;
			buildConfigurationList = 223D29A9211B50FB00F97E9F /* Build configuration list for PBXNativeTarget "Offline Test" */;
			buildPhases = (
				223D298F211B50F900F97E9F /* Sources */,
				223D2990211B50F900F97E9F /* Frameworks */,
				223D2991211B50F900F97E9F /* Resources */,
			);
			buildRules = (
			);
			dependencies = (
			);
			name = "Offline Test";
			productName = "Offline Test";
			productReference = 223D2993211B50F900F97E9F /* Offline Test.app */;
			productType = "com.apple.product-type.application";
		};
/* End PBXNativeTarget section */

/* Begin PBXProject section */
		223D298B211B50F900F97E9F /* Project object */ = {
			isa = PBXProject;
			attributes = {
				LastUpgradeCheck = 1000;
				ORGANIZATIONNAME = "Planning Center";
				TargetAttributes = {
					223D2992211B50F900F97E9F = {
						CreatedOnToolsVersion = 10.0;
					};
				};
			};
			buildConfigurationList = 223D298E211B50F900F97E9F /* Build configuration list for PBXProject "Offline Test" */;
			compatibilityVersion = "Xcode 9.3";
			developmentRegion = en;
			hasScannedForEncodings = 0;
			knownRegions = (
				en,
				Base,
			);
			mainGroup = 223D298A211B50F900F97E9F;
			productRefGroup = 223D2994211B50F900F97E9F /* Products */;
			projectDirPath = "";
			projectRoot = "";
			targets = (
				223D2992211B50F900F97E9F /* Offline Test */,
			);
		};
/* End PBXProject section */

/* Begin PBXResourcesBuildPhase section */
		223D2991211B50F900F97E9F /* Resources */ = {
			isa = PBXResourcesBuildPhase;
			buildActionMask = 2147483647;
			files = (
				223D29A3211B50FB00F97E9F /* LaunchScreen.storyboard in Resources */,
				223D29A0211B50FB00F97E9F /* Assets.xcassets in Resources */,
				223D299E211B50F900F97E9F /* Main.storyboard in Resources */,
			);
			runOnlyForDeploymentPostprocessing = 0;
		};
/* End PBXResourcesBuildPhase section */

/* Begin PBXSourcesBuildPhase section */
		223D298F211B50F900F97E9F /* Sources */ = {
			isa = PBXSourcesBuildPhase;
			buildActionMask = 2147483647;
			files = (
				223D299B211B50F900F97E9F /* ViewController.m in Sources */,
				223D29A6211B50FB00F97E9F /* main.m in Sources */,
				223D2998211B50F900F97E9F /* AppDelegate.m in Sources */,
			);
			runOnlyForDeploymentPostprocessing = 0;
		};
/* End PBXSourcesBuildPhase section */

/* Begin PBXVariantGroup section */
		223D299C211B50F900F97E9F /* Main.storyboard */ = {
			isa = PBXVariantGroup;
			children = (
				223D299D211B50F900F97E9F /* Base */,
			);
			name = Main.storyboard;
			sourceTree = "<group>";
		};
		223D29A1211B50FB00F97E9F /* LaunchScreen.storyboard */ = {
			isa = PBXVariantGroup;
			children = (
				223D29A2211B50FB00F97E9F /* Base */,
			);
			name = LaunchScreen.storyboard;
			sourceTree = "<group>";
		};
/* End PBXVariantGroup section */

/* Begin XCBuildConfiguration section */
		223D29A7211B50FB00F97E9F /* Debug */ = {
			isa = XCBuildConfiguration;
			buildSettings = {
				ALWAYS_SEARCH_USER_PATHS = NO;
				CLANG_ANALYZER_NONNULL = YES;
				CLANG_ANALYZER_NUMBER_OBJECT_CONVERSION = YES_AGGRESSIVE;
				CLANG_CXX_LANGUAGE_STANDARD = "gnu++14";
				CLANG_CXX_LIBRARY = "libc++";
				CLANG_ENABLE_MODULES = YES;
				CLANG_ENABLE_OBJC_ARC = YES;
				CLANG_ENABLE_OBJC_WEAK = YES;
				CLANG_WARN_BLOCK_CAPTURE_AUTORELEASING = YES;
				CLANG_WARN_BOOL_CONVERSION = YES;
				CLANG_WARN_COMMA = YES;
				CLANG_WARN_CONSTANT_CONVERSION = YES;
				CLANG_WARN_DEPRECATED_OBJC_IMPLEMENTATIONS = YES;
				CLANG_WARN_DIRECT_OBJC_ISA_USAGE = YES_ERROR;
				CLANG_WARN_DOCUMENTATION_COMMENTS = YES;
				CLANG_WARN_EMPTY_BODY = YES;
				CLANG_WARN_ENUM_CONVERSION = YES;
				CLANG_WARN_INFINITE_RECURSION = YES;
				CLANG_WARN_INT_CONVERSION = YES;
				CLANG_WARN_NON_LITERAL_NULL_CONVERSION = YES;
				CLANG_WARN_OBJC_IMPLICIT_RETAIN_SELF = YES;
				CLANG_WARN_OBJC_LITERAL_CONVERSION = YES;
				CLANG_WARN_OBJC_ROOT_CLASS = YES_ERROR;
				CLANG_WARN_RANGE_LOOP_ANALYSIS = YES;
				CLANG_WARN_STRICT_PROTOTYPES = YES;
				CLANG_WARN_SUSPICIOUS_MOVE = YES;
				CLANG_WARN_UNGUARDED_AVAILABILITY = YES_AGGRESSIVE;
				CLANG_WARN_UNREACHABLE_CODE = YES;
				CLANG_WARN__DUPLICATE_METHOD_MATCH = YES;
				CODE_SIGN_IDENTITY = "iPhone Developer";
				COPY_PHASE_STRIP = NO;
				DEBUG_INFORMATION_FORMAT = dwarf;
				ENABLE_STRICT_OBJC_MSGSEND = YES;
				ENABLE_TESTABILITY = YES;
				GCC_C_LANGUAGE_STANDARD = gnu11;
				GCC_DYNAMIC_NO_PIC = NO;
				GCC_NO_COMMON_BLOCKS = YES;
				GCC_OPTIMIZATION_LEVEL = 0;
				GCC_PREPROCESSOR_DEFINITIONS = (
					"DEBUG=1",
					"$(inherited)",
				);
				GCC_WARN_64_TO_32_BIT_CONVERSION = YES;
				GCC_WARN_ABOUT_RETURN_TYPE = YES_ERROR;
				GCC_WARN_UNDECLARED_SELECTOR = YES;
				GCC_WARN_UNINITIALIZED_AUTOS = YES_AGGRESSIVE;
				GCC_WARN_UNUSED_FUNCTION = YES;
				GCC_WARN_UNUSED_VARIABLE = YES;
				IPHONEOS_DEPLOYMENT_TARGET = 12.0;
				MTL_ENABLE_DEBUG_INFO = INCLUDE_SOURCE;
				MTL_FAST_MATH = YES;
				ONLY_ACTIVE_ARCH = YES;
				SDKROOT = iphoneos;
			};
			name = Debug;
		};
		223D29A8211B50FB00F97E9F /* Release */ = {
			isa = XCBuildConfiguration;
			buildSettings = {
				ALWAYS_SEARCH_USER_PATHS = NO;
				CLANG_ANALYZER_NONNULL = YES;
				CLANG_ANALYZER_NUMBER_OBJECT_CONVERSION = YES_AGGRESSIVE;
				CLANG_CXX_LANGUAGE_STANDARD = "gnu++14";
				CLANG_CXX_LIBRARY = "libc++";
				CLANG_ENABLE_MODULES = YES;
				CLANG_ENABLE_OBJC_ARC = YES;
				CLANG_ENABLE_OBJC_WEAK = YES;
				CLANG_WARN_BLOCK_CAPTURE_AUTORELEASING = YES;
				CLANG_WARN_BOOL_CONVERSION = YES;
				CLANG_WARN_COMMA = YES;
				CLANG_WARN_CONSTANT_CONVERSION = YES;
				CLANG_WARN_DEPRECATED_OBJC_IMPLEMENTATIONS = YES;
				CLANG_WARN_DIRECT_OBJC_ISA_USAGE = YES_ERROR;
				CLANG_WARN_DOCUMENTATION_COMMENTS = YES;
				CLANG_WARN_EMPTY_BODY = YES;
				CLANG_WARN_ENUM_CONVERSION = YES;
				CLANG_WARN_INFINITE_RECURSION = YES;
				CLANG_WARN_INT_CONVERSION = YES;
				CLANG_WARN_NON_LITERAL_NULL_CONVERSION = YES;
				CLANG_WARN_OBJC_IMPLICIT_RETAIN_SELF = YES;
				CLANG_WARN_OBJC_LITERAL_CONVERSION = YES;
				CLANG_WARN_OBJC_ROOT_CLASS = YES_ERROR;
				CLANG_WARN_RANGE_LOOP_ANALYSIS = YES;
				CLANG_WARN_STRICT_PROTOTYPES = YES;
				CLANG_WARN_SUSPICIOUS_MOVE = YES;
				CLANG_WARN_UNGUARDED_AVAILABILITY = YES_AGGRESSIVE;
				CLANG_WARN_UNREACHABLE_CODE = YES;
				CLANG_WARN__DUPLICATE_METHOD_MATCH = YES;
				CODE_SIGN_IDENTITY = "iPhone Developer";
				COPY_PHASE_STRIP = NO;
				DEBUG_INFORMATION_FORMAT = "dwarf-with-dsym";
				ENABLE_NS_ASSERTIONS = NO;
				ENABLE_STRICT_OBJC_MSGSEND = YES;
				GCC_C_LANGUAGE_STANDARD = gnu11;
				GCC_NO_COMMON_BLOCKS = YES;
				GCC_WARN_64_TO_32_BIT_CONVERSION = YES;
				GCC_WARN_ABOUT_RETURN_TYPE = YES_ERROR;
				GCC_WARN_UNDECLARED_SELECTOR = YES;
				GCC_WARN_UNINITIALIZED_AUTOS = YES_AGGRESSIVE;
				GCC_WARN_UNUSED_FUNCTION = YES;
				GCC_WARN_UNUSED_VARIABLE = YES;
				IPHONEOS_DEPLOYMENT_TARGET = 12.0;
				MTL_ENABLE_DEBUG_INFO = NO;
				MTL_FAST_MATH = YES;
				SDKROOT = iphoneos;
				VALIDATE_PRODUCT = YES;
			};
			name = Release;
		};
		223D29AA211B50FB00F97E9F /* Debug */ = {
			isa = XCBuildConfiguration;
			buildSettings = {
				ASSETCATALOG_COMPILER_APPICON_NAME = AppIcon;
				CODE_SIGN_STYLE = Automatic;
				DEVELOPMENT_TEAM = 9JVJNE92L6;
				INFOPLIST_FILE = "Offline Test/Info.plist";
				LD_RUNPATH_SEARCH_PATHS = (
					"$(inherited)",
					"@executable_path/Frameworks",
				);
				PRODUCT_BUNDLE_IDENTIFIER = "center.planning.Offline-Test";
				PRODUCT_NAME = "$(TARGET_NAME)";
				TARGETED_DEVICE_FAMILY = "1,2";
			};
			name = Debug;
		};
		223D29AB211B50FB00F97E9F /* Release */ = {
			isa = XCBuildConfiguration;
			buildSettings = {
				ASSETCATALOG_COMPILER_APPICON_NAME = AppIcon;
				CODE_SIGN_STYLE = Automatic;
				DEVELOPMENT_TEAM = 9JVJNE92L6;
				INFOPLIST_FILE = "Offline Test/Info.plist";
				LD_RUNPATH_SEARCH_PATHS = (
					"$(inherited)",
					"@executable_path/Frameworks",
				);
				PRODUCT_BUNDLE_IDENTIFIER = "center.planning.Offline-Test";
				PRODUCT_NAME = "$(TARGET_NAME)";
				TARGETED_DEVICE_FAMILY = "1,2";
			};
			name = Release;
		};
/* End XCBuildConfiguration section */

/* Begin XCConfigurationList section */
		223D298E211B50F900F97E9F /* Build configuration list for PBXProject "Offline Test" */ = {
			isa = XCConfigurationList;
			buildConfigurations = (
				223D29A7211B50FB00F97E9F /* Debug */,
				223D29A8211B50FB00F97E9F /* Release */,
			);
			defaultConfigurationIsVisible = 0;
			defaultConfigurationName = Release;
		};
		223D29A9211B50FB00F97E9F /* Build configuration list for PBXNativeTarget "Offline Test" */ = {
			isa = XCConfigurationList;
			buildConfigurations = (
				223D29AA211B50FB00F97E9F /* Debug */,
				223D29AB211B50FB00F97E9F /* Release */,
			);
			defaultConfigurationIsVisible = 0;
			defaultConfigurationName = Release;
		};
/* End XCConfigurationList section */
	};
	rootObject = 223D298B211B50F900F97E9F /* Project object */;
}
